// !$*UTF8*$!
{
	archiveVersion = 1;
	classes = {
	};
	objectVersion = 46;
	objects = {

/* Begin PBXBuildFile section */
		F90CF9B21DCB17CD00BF0DA2 /* main.m in Sources */ = {isa = PBXBuildFile; fileRef = F90CF9B11DCB17CD00BF0DA2 /* main.m */; };
		F90CF9B51DCB17CD00BF0DA2 /* AppDelegate.m in Sources */ = {isa = PBXBuildFile; fileRef = F90CF9B41DCB17CD00BF0DA2 /* AppDelegate.m */; };
		F90CF9B81DCB17CD00BF0DA2 /* ViewController.m in Sources */ = {isa = PBXBuildFile; fileRef = F90CF9B71DCB17CD00BF0DA2 /* ViewController.m */; };
		F90CF9BB1DCB17CD00BF0DA2 /* Main.storyboard in Resources */ = {isa = PBXBuildFile; fileRef = F90CF9B91DCB17CD00BF0DA2 /* Main.storyboard */; };
		F90CF9BD1DCB17CD00BF0DA2 /* Assets.xcassets in Resources */ = {isa = PBXBuildFile; fileRef = F90CF9BC1DCB17CD00BF0DA2 /* Assets.xcassets */; };
		F90CF9C01DCB17CD00BF0DA2 /* LaunchScreen.storyboard in Resources */ = {isa = PBXBuildFile; fileRef = F90CF9BE1DCB17CD00BF0DA2 /* LaunchScreen.storyboard */; };
/* End PBXBuildFile section */

/* Begin PBXFileReference section */
		F90CF9AD1DCB17CB00BF0DA2 /* TraceCurrentLocation.app */ = {isa = PBXFileReference; explicitFileType = wrapper.application; includeInIndex = 0; path = TraceCurrentLocation.app; sourceTree = BUILT_PRODUCTS_DIR; };
		F90CF9B11DCB17CD00BF0DA2 /* main.m */ = {isa = PBXFileReference; lastKnownFileType = sourcecode.c.objc; path = main.m; sourceTree = "<group>"; };
		F90CF9B31DCB17CD00BF0DA2 /* AppDelegate.h */ = {isa = PBXFileReference; lastKnownFileType = sourcecode.c.h; path = AppDelegate.h; sourceTree = "<group>"; };
		F90CF9B41DCB17CD00BF0DA2 /* AppDelegate.m */ = {isa = PBXFileReference; lastKnownFileType = sourcecode.c.objc; path = AppDelegate.m; sourceTree = "<group>"; };
		F90CF9B61DCB17CD00BF0DA2 /* ViewController.h */ = {isa = PBXFileReference; lastKnownFileType = sourcecode.c.h; path = ViewController.h; sourceTree = "<group>"; };
		F90CF9B71DCB17CD00BF0DA2 /* ViewController.m */ = {isa = PBXFileReference; lastKnownFileType = sourcecode.c.objc; path = ViewController.m; sourceTree = "<group>"; };
		F90CF9BA1DCB17CD00BF0DA2 /* Base */ = {isa = PBXFileReference; lastKnownFileType = file.storyboard; name = Base; path = Base.lproj/Main.storyboard; sourceTree = "<group>"; };
		F90CF9BC1DCB17CD00BF0DA2 /* Assets.xcassets */ = {isa = PBXFileReference; lastKnownFileType = folder.assetcatalog; path = Assets.xcassets; sourceTree = "<group>"; };
		F90CF9BF1DCB17CD00BF0DA2 /* Base */ = {isa = PBXFileReference; lastKnownFileType = file.storyboard; name = Base; path = Base.lproj/LaunchScreen.storyboard; sourceTree = "<group>"; };
		F90CF9C11DCB17CD00BF0DA2 /* Info.plist */ = {isa = PBXFileReference; lastKnownFileType = text.plist.xml; path = Info.plist; sourceTree = "<group>"; };
/* End PBXFileReference section */

/* Begin PBXFrameworksBuildPhase section */
		F90CF9AA1DCB17CB00BF0DA2 /* Frameworks */ = {
			isa = PBXFrameworksBuildPhase;
			buildActionMask = 2147483647;
			files = (
			);
			runOnlyForDeploymentPostprocessing = 0;
		};
/* End PBXFrameworksBuildPhase section */

/* Begin PBXGroup section */
		F90CF9A41DCB17CB00BF0DA2 = {
			isa = PBXGroup;
			children = (
				F90CF9AF1DCB17CD00BF0DA2 /* TraceCurrentLocation */,
				F90CF9AE1DCB17CB00BF0DA2 /* Products */,
			);
			sourceTree = "<group>";
		};
		F90CF9AE1DCB17CB00BF0DA2 /* Products */ = {
			isa = PBXGroup;
			children = (
				F90CF9AD1DCB17CB00BF0DA2 /* TraceCurrentLocation.app */,
			);
			name = Products;
			sourceTree = "<group>";
		};
		F90CF9AF1DCB17CD00BF0DA2 /* TraceCurrentLocation */ = {
			isa = PBXGroup;
			children = (
				F90CF9B31DCB17CD00BF0DA2 /* AppDelegate.h */,
				F90CF9B41DCB17CD00BF0DA2 /* AppDelegate.m */,
				F90CF9B61DCB17CD00BF0DA2 /* ViewController.h */,
				F90CF9B71DCB17CD00BF0DA2 /* ViewController.m */,
				F90CF9B91DCB17CD00BF0DA2 /* Main.storyboard */,
				F90CF9BC1DCB17CD00BF0DA2 /* Assets.xcassets */,
				F90CF9BE1DCB17CD00BF0DA2 /* LaunchScreen.storyboard */,
				F90CF9C11DCB17CD00BF0DA2 /* Info.plist */,
				F90CF9B01DCB17CD00BF0DA2 /* Supporting Files */,
			);
			path = TraceCurrentLocation;
			sourceTree = "<group>";
		};
		F90CF9B01DCB17CD00BF0DA2 /* Supporting Files */ = {
			isa = PBXGroup;
			children = (
				F90CF9B11DCB17CD00BF0DA2 /* main.m */,
			);
			name = "Supporting Files";
			sourceTree = "<group>";
		};
/* End PBXGroup section */

/* Begin PBXNativeTarget section */
		F90CF9AC1DCB17CB00BF0DA2 /* TraceCurrentLocation */ = {
			isa = PBXNativeTarget;
			buildConfigurationList = F90CF9C41DCB17CD00BF0DA2 /* Build configuration list for PBXNativeTarget "TraceCurrentLocation" */;
			buildPhases = (
				F90CF9A91DCB17CB00BF0DA2 /* Sources */,
				F90CF9AA1DCB17CB00BF0DA2 /* Frameworks */,
				F90CF9AB1DCB17CB00BF0DA2 /* Resources */,
			);
			buildRules = (
			);
			dependencies = (
			);
			name = TraceCurrentLocation;
			productName = TraceCurrentLocation;
			productReference = F90CF9AD1DCB17CB00BF0DA2 /* TraceCurrentLocation.app */;
			productType = "com.apple.product-type.application";
		};
/* End PBXNativeTarget section */

/* Begin PBXProject section */
		F90CF9A51DCB17CB00BF0DA2 /* Project object */ = {
			isa = PBXProject;
			attributes = {
				LastUpgradeCheck = 0730;
				ORGANIZATIONNAME = tringapps;
				TargetAttributes = {
					F90CF9AC1DCB17CB00BF0DA2 = {
						CreatedOnToolsVersion = 7.3;
					};
				};
			};
			buildConfigurationList = F90CF9A81DCB17CB00BF0DA2 /* Build configuration list for PBXProject "TraceCurrentLocation" */;
			compatibilityVersion = "Xcode 3.2";
			developmentRegion = English;
			hasScannedForEncodings = 0;
			knownRegions = (
				en,
				Base,
			);
			mainGroup = F90CF9A41DCB17CB00BF0DA2;
			productRefGroup = F90CF9AE1DCB17CB00BF0DA2 /* Products */;
			projectDirPath = "";
			projectRoot = "";
			targets = (
				F90CF9AC1DCB17CB00BF0DA2 /* TraceCurrentLocation */,
			);
		};
/* End PBXProject section */

/* Begin PBXResourcesBuildPhase section */
		F90CF9AB1DCB17CB00BF0DA2 /* Resources */ = {
			isa = PBXResourcesBuildPhase;
			buildActionMask = 2147483647;
			files = (
				F90CF9C01DCB17CD00BF0DA2 /* LaunchScreen.storyboard in Resources */,
				F90CF9BD1DCB17CD00BF0DA2 /* Assets.xcassets in Resources */,
				F90CF9BB1DCB17CD00BF0DA2 /* Main.storyboard in Resources */,
			);
			runOnlyForDeploymentPostprocessing = 0;
		};
/* End PBXResourcesBuildPhase section */

/* Begin PBXSourcesBuildPhase section */
		F90CF9A91DCB17CB00BF0DA2 /* Sources */ = {
			isa = PBXSourcesBuildPhase;
			buildActionMask = 2147483647;
			files = (
				F90CF9B81DCB17CD00BF0DA2 /* ViewController.m in Sources */,
				F90CF9B51DCB17CD00BF0DA2 /* AppDelegate.m in Sources */,
				F90CF9B21DCB17CD00BF0DA2 /* main.m in Sources */,
			);
			runOnlyForDeploymentPostprocessing = 0;
		};
/* End PBXSourcesBuildPhase section */

/* Begin PBXVariantGroup section */
		F90CF9B91DCB17CD00BF0DA2 /* Main.storyboard */ = {
			isa = PBXVariantGroup;
			children = (
				F90CF9BA1DCB17CD00BF0DA2 /* Base */,
			);
			name = Main.storyboard;
			sourceTree = "<group>";
		};
		F90CF9BE1DCB17CD00BF0DA2 /* LaunchScreen.storyboard */ = {
			isa = PBXVariantGroup;
			children = (
				F90CF9BF1DCB17CD00BF0DA2 /* Base */,
			);
			name = LaunchScreen.storyboard;
			sourceTree = "<group>";
		};
/* End PBXVariantGroup section */

/* Begin XCBuildConfiguration section */
		F90CF9C21DCB17CD00BF0DA2 /* Debug */ = {
			isa = XCBuildConfiguration;
			buildSettings = {
				ALWAYS_SEARCH_USER_PATHS = NO;
				CLANG_ANALYZER_NONNULL = YES;
				CLANG_CXX_LANGUAGE_STANDARD = "gnu++0x";
				CLANG_CXX_LIBRARY = "libc++";
				CLANG_ENABLE_MODULES = YES;
				CLANG_ENABLE_OBJC_ARC = YES;
				CLANG_WARN_BOOL_CONVERSION = YES;
				CLANG_WARN_CONSTANT_CONVERSION = YES;
				CLANG_WARN_DIRECT_OBJC_ISA_USAGE = YES_ERROR;
				CLANG_WARN_EMPTY_BODY = YES;
				CLANG_WARN_ENUM_CONVERSION = YES;
				CLANG_WARN_INT_CONVERSION = YES;
				CLANG_WARN_OBJC_ROOT_CLASS = YES_ERROR;
				CLANG_WARN_UNREACHABLE_CODE = YES;
				CLANG_WARN__DUPLICATE_METHOD_MATCH = YES;
				"CODE_SIGN_IDENTITY[sdk=iphoneos*]" = "iPhone Developer";
				COPY_PHASE_STRIP = NO;
				DEBUG_INFORMATION_FORMAT = dwarf;
				ENABLE_STRICT_OBJC_MSGSEND = YES;
				ENABLE_TESTABILITY = YES;
				GCC_C_LANGUAGE_STANDARD = gnu99;
				GCC_DYNAMIC_NO_PIC = NO;
				GCC_NO_COMMON_BLOCKS = YES;
				GCC_OPTIMIZATION_LEVEL = 0;
				GCC_PREPROCESSOR_DEFINITIONS = (
					"DEBUG=1",
					"$(inherited)",
				);
				GCC_WARN_64_TO_32_BIT_CONVERSION = YES;
				GCC_WARN_ABOUT_RETURN_TYPE = YES_ERROR;
				GCC_WARN_UNDECLARED_SELECTOR = YES;
				GCC_WARN_UNINITIALIZED_AUTOS = YES_AGGRESSIVE;
				GCC_WARN_UNUSED_FUNCTION = YES;
				GCC_WARN_UNUSED_VARIABLE = YES;
				IPHONEOS_DEPLOYMENT_TARGET = 9.3;
				MTL_ENABLE_DEBUG_INFO = YES;
				ONLY_ACTIVE_ARCH = YES;
				SDKROOT = iphoneos;
			};
			name = Debug;
		};
		F90CF9C31DCB17CD00BF0DA2 /* Release */ = {
			isa = XCBuildConfiguration;
			buildSettings = {
				ALWAYS_SEARCH_USER_PATHS = NO;
				CLANG_ANALYZER_NONNULL = YES;
				CLANG_CXX_LANGUAGE_STANDARD = "gnu++0x";
				CLANG_CXX_LIBRARY = "libc++";
				CLANG_ENABLE_MODULES = YES;
				CLANG_ENABLE_OBJC_ARC = YES;
				CLANG_WARN_BOOL_CONVERSION = YES;
				CLANG_WARN_CONSTANT_CONVERSION = YES;
				CLANG_WARN_DIRECT_OBJC_ISA_USAGE = YES_ERROR;
				CLANG_WARN_EMPTY_BODY = YES;
				CLANG_WARN_ENUM_CONVERSION = YES;
				CLANG_WARN_INT_CONVERSION = YES;
				CLANG_WARN_OBJC_ROOT_CLASS = YES_ERROR;
				CLANG_WARN_UNREACHABLE_CODE = YES;
				CLANG_WARN__DUPLICATE_METHOD_MATCH = YES;
				"CODE_SIGN_IDENTITY[sdk=iphoneos*]" = "iPhone Developer";
				COPY_PHASE_STRIP = NO;
				DEBUG_INFORMATION_FORMAT = "dwarf-with-dsym";
				ENABLE_NS_ASSERTIONS = NO;
				ENABLE_STRICT_OBJC_MSGSEND = YES;
				GCC_C_LANGUAGE_STANDARD = gnu99;
				GCC_NO_COMMON_BLOCKS = YES;
				GCC_WARN_64_TO_32_BIT_CONVERSION = YES;
				GCC_WARN_ABOUT_RETURN_TYPE = YES_ERROR;
				GCC_WARN_UNDECLARED_SELECTOR = YES;
				GCC_WARN_UNINITIALIZED_AUTOS = YES_AGGRESSIVE;
				GCC_WARN_UNUSED_FUNCTION = YES;
				GCC_WARN_UNUSED_VARIABLE = YES;
				IPHONEOS_DEPLOYMENT_TARGET = 9.3;
				MTL_ENABLE_DEBUG_INFO = NO;
				SDKROOT = iphoneos;
				VALIDATE_PRODUCT = YES;
			};
			name = Release;
		};
		F90CF9C51DCB17CD00BF0DA2 /* Debug */ = {
			isa = XCBuildConfiguration;
			buildSettings = {
				ASSETCATALOG_COMPILER_APPICON_NAME = AppIcon;
				INFOPLIST_FILE = TraceCurrentLocation/Info.plist;
				LD_RUNPATH_SEARCH_PATHS = "$(inherited) @executable_path/Frameworks";
				PRODUCT_BUNDLE_IDENTIFIER = com.tringapps.TraceCurrentLocation;
				PRODUCT_NAME = "$(TARGET_NAME)";
			};
			name = Debug;
		};
		F90CF9C61DCB17CD00BF0DA2 /* Release */ = {
			isa = XCBuildConfiguration;
			buildSettings = {
				ASSETCATALOG_COMPILER_APPICON_NAME = AppIcon;
				INFOPLIST_FILE = TraceCurrentLocation/Info.plist;
				LD_RUNPATH_SEARCH_PATHS = "$(inherited) @executable_path/Frameworks";
				PRODUCT_BUNDLE_IDENTIFIER = com.tringapps.TraceCurrentLocation;
				PRODUCT_NAME = "$(TARGET_NAME)";
			};
			name = Release;
		};
/* End XCBuildConfiguration section */

/* Begin XCConfigurationList section */
		F90CF9A81DCB17CB00BF0DA2 /* Build configuration list for PBXProject "TraceCurrentLocation" */ = {
			isa = XCConfigurationList;
			buildConfigurations = (
				F90CF9C21DCB17CD00BF0DA2 /* Debug */,
				F90CF9C31DCB17CD00BF0DA2 /* Release */,
			);
			defaultConfigurationIsVisible = 0;
			defaultConfigurationName = Release;
		};
		F90CF9C41DCB17CD00BF0DA2 /* Build configuration list for PBXNativeTarget "TraceCurrentLocation" */ = {
			isa = XCConfigurationList;
			buildConfigurations = (
				F90CF9C51DCB17CD00BF0DA2 /* Debug */,
				F90CF9C61DCB17CD00BF0DA2 /* Release */,
			);
			defaultConfigurationIsVisible = 0;
		};
/* End XCConfigurationList section */
	};
	rootObject = F90CF9A51DCB17CB00BF0DA2 /* Project object */;
}
